// !$*UTF8*$!
{
	archiveVersion = 1;
	classes = {
	};
	objectVersion = 46;
	objects = {

/* Begin PBXBuildFile section */
		C62F1BB41BBB263200C6840D /* AppDelegate.swift in Sources */ = {isa = PBXBuildFile; fileRef = C62F1BB31BBB263200C6840D /* AppDelegate.swift */; };
		C62F1BB91BBB263200C6840D /* Main.storyboard in Resources */ = {isa = PBXBuildFile; fileRef = C62F1BB71BBB263200C6840D /* Main.storyboard */; };
		C62F1BBB1BBB263200C6840D /* Assets.xcassets in Resources */ = {isa = PBXBuildFile; fileRef = C62F1BBA1BBB263200C6840D /* Assets.xcassets */; };
		C62F1BBE1BBB263200C6840D /* LaunchScreen.storyboard in Resources */ = {isa = PBXBuildFile; fileRef = C62F1BBC1BBB263200C6840D /* LaunchScreen.storyboard */; };
		C62F1BC91BBB263300C6840D /* PlateWeightTests.swift in Sources */ = {isa = PBXBuildFile; fileRef = C62F1BC81BBB263300C6840D /* PlateWeightTests.swift */; };
		C62F1BD41BBB263300C6840D /* PlateWeightUITests.swift in Sources */ = {isa = PBXBuildFile; fileRef = C62F1BD31BBB263300C6840D /* PlateWeightUITests.swift */; };
		C62F1BE21BBB265100C6840D /* ZHConverter.swift in Sources */ = {isa = PBXBuildFile; fileRef = C62F1BE11BBB265100C6840D /* ZHConverter.swift */; settings = {ASSET_TAGS = (); }; };
		C62F1BE41BBB271700C6840D /* ZHKilogramsTableViewController.swift in Sources */ = {isa = PBXBuildFile; fileRef = C62F1BE31BBB271700C6840D /* ZHKilogramsTableViewController.swift */; settings = {ASSET_TAGS = (); }; };
		C62F1BE61BBB273900C6840D /* ZHKilogramsTableViewCell.swift in Sources */ = {isa = PBXBuildFile; fileRef = C62F1BE51BBB273900C6840D /* ZHKilogramsTableViewCell.swift */; settings = {ASSET_TAGS = (); }; };
		C62F1BEA1BBB2A5600C6840D /* ZHPoundsTableViewController.swift in Sources */ = {isa = PBXBuildFile; fileRef = C62F1BE91BBB2A5600C6840D /* ZHPoundsTableViewController.swift */; settings = {ASSET_TAGS = (); }; };
/* End PBXBuildFile section */

/* Begin PBXContainerItemProxy section */
		C62F1BC51BBB263300C6840D /* PBXContainerItemProxy */ = {
			isa = PBXContainerItemProxy;
			containerPortal = C62F1BA81BBB263200C6840D /* Project object */;
			proxyType = 1;
			remoteGlobalIDString = C62F1BAF1BBB263200C6840D;
			remoteInfo = PlateWeight;
		};
		C62F1BD01BBB263300C6840D /* PBXContainerItemProxy */ = {
			isa = PBXContainerItemProxy;
			containerPortal = C62F1BA81BBB263200C6840D /* Project object */;
			proxyType = 1;
			remoteGlobalIDString = C62F1BAF1BBB263200C6840D;
			remoteInfo = PlateWeight;
		};
/* End PBXContainerItemProxy section */

/* Begin PBXFileReference section */
		C62F1BB01BBB263200C6840D /* PlateWeight.app */ = {isa = PBXFileReference; explicitFileType = wrapper.application; includeInIndex = 0; path = PlateWeight.app; sourceTree = BUILT_PRODUCTS_DIR; };
		C62F1BB31BBB263200C6840D /* AppDelegate.swift */ = {isa = PBXFileReference; lastKnownFileType = sourcecode.swift; path = AppDelegate.swift; sourceTree = "<group>"; };
		C62F1BB81BBB263200C6840D /* Base */ = {isa = PBXFileReference; lastKnownFileType = file.storyboard; name = Base; path = Base.lproj/Main.storyboard; sourceTree = "<group>"; };
		C62F1BBA1BBB263200C6840D /* Assets.xcassets */ = {isa = PBXFileReference; lastKnownFileType = folder.assetcatalog; path = Assets.xcassets; sourceTree = "<group>"; };
		C62F1BBD1BBB263200C6840D /* Base */ = {isa = PBXFileReference; lastKnownFileType = file.storyboard; name = Base; path = Base.lproj/LaunchScreen.storyboard; sourceTree = "<group>"; };
		C62F1BBF1BBB263200C6840D /* Info.plist */ = {isa = PBXFileReference; lastKnownFileType = text.plist.xml; path = Info.plist; sourceTree = "<group>"; };
		C62F1BC41BBB263300C6840D /* PlateWeightTests.xctest */ = {isa = PBXFileReference; explicitFileType = wrapper.cfbundle; includeInIndex = 0; path = PlateWeightTests.xctest; sourceTree = BUILT_PRODUCTS_DIR; };
		C62F1BC81BBB263300C6840D /* PlateWeightTests.swift */ = {isa = PBXFileReference; lastKnownFileType = sourcecode.swift; path = PlateWeightTests.swift; sourceTree = "<group>"; };
		C62F1BCA1BBB263300C6840D /* Info.plist */ = {isa = PBXFileReference; lastKnownFileType = text.plist.xml; path = Info.plist; sourceTree = "<group>"; };
		C62F1BCF1BBB263300C6840D /* PlateWeightUITests.xctest */ = {isa = PBXFileReference; explicitFileType = wrapper.cfbundle; includeInIndex = 0; path = PlateWeightUITests.xctest; sourceTree = BUILT_PRODUCTS_DIR; };
		C62F1BD31BBB263300C6840D /* PlateWeightUITests.swift */ = {isa = PBXFileReference; lastKnownFileType = sourcecode.swift; path = PlateWeightUITests.swift; sourceTree = "<group>"; };
		C62F1BD51BBB263300C6840D /* Info.plist */ = {isa = PBXFileReference; lastKnownFileType = text.plist.xml; path = Info.plist; sourceTree = "<group>"; };
		C62F1BE11BBB265100C6840D /* ZHConverter.swift */ = {isa = PBXFileReference; fileEncoding = 4; lastKnownFileType = sourcecode.swift; path = ZHConverter.swift; sourceTree = "<group>"; };
		C62F1BE31BBB271700C6840D /* ZHKilogramsTableViewController.swift */ = {isa = PBXFileReference; fileEncoding = 4; lastKnownFileType = sourcecode.swift; path = ZHKilogramsTableViewController.swift; sourceTree = "<group>"; };
		C62F1BE51BBB273900C6840D /* ZHKilogramsTableViewCell.swift */ = {isa = PBXFileReference; fileEncoding = 4; lastKnownFileType = sourcecode.swift; path = ZHKilogramsTableViewCell.swift; sourceTree = "<group>"; };
		C62F1BE91BBB2A5600C6840D /* ZHPoundsTableViewController.swift */ = {isa = PBXFileReference; fileEncoding = 4; lastKnownFileType = sourcecode.swift; path = ZHPoundsTableViewController.swift; sourceTree = "<group>"; };
/* End PBXFileReference section */

/* Begin PBXFrameworksBuildPhase section */
		C62F1BAD1BBB263200C6840D /* Frameworks */ = {
			isa = PBXFrameworksBuildPhase;
			buildActionMask = 2147483647;
			files = (
			);
			runOnlyForDeploymentPostprocessing = 0;
		};
		C62F1BC11BBB263300C6840D /* Frameworks */ = {
			isa = PBXFrameworksBuildPhase;
			buildActionMask = 2147483647;
			files = (
			);
			runOnlyForDeploymentPostprocessing = 0;
		};
		C62F1BCC1BBB263300C6840D /* Frameworks */ = {
			isa = PBXFrameworksBuildPhase;
			buildActionMask = 2147483647;
			files = (
			);
			runOnlyForDeploymentPostprocessing = 0;
		};
/* End PBXFrameworksBuildPhase section */

/* Begin PBXGroup section */
		C62F1BA71BBB263200C6840D = {
			isa = PBXGroup;
			children = (
				C62F1BB21BBB263200C6840D /* PlateWeight */,
				C62F1BC71BBB263300C6840D /* PlateWeightTests */,
				C62F1BD21BBB263300C6840D /* PlateWeightUITests */,
				C62F1BB11BBB263200C6840D /* Products */,
			);
			sourceTree = "<group>";
		};
		C62F1BB11BBB263200C6840D /* Products */ = {
			isa = PBXGroup;
			children = (
				C62F1BB01BBB263200C6840D /* PlateWeight.app */,
				C62F1BC41BBB263300C6840D /* PlateWeightTests.xctest */,
				C62F1BCF1BBB263300C6840D /* PlateWeightUITests.xctest */,
			);
			name = Products;
			sourceTree = "<group>";
		};
		C62F1BB21BBB263200C6840D /* PlateWeight */ = {
			isa = PBXGroup;
			children = (
				C62F1BB31BBB263200C6840D /* AppDelegate.swift */,
				C62F1BB71BBB263200C6840D /* Main.storyboard */,
				C62F1BBA1BBB263200C6840D /* Assets.xcassets */,
				C62F1BBC1BBB263200C6840D /* LaunchScreen.storyboard */,
				C62F1BBF1BBB263200C6840D /* Info.plist */,
				C62F1BE11BBB265100C6840D /* ZHConverter.swift */,
				C62F1BEB1BBB2A5D00C6840D /* ViewControllers */,
			);
			path = PlateWeight;
			sourceTree = "<group>";
		};
		C62F1BC71BBB263300C6840D /* PlateWeightTests */ = {
			isa = PBXGroup;
			children = (
				C62F1BC81BBB263300C6840D /* PlateWeightTests.swift */,
				C62F1BCA1BBB263300C6840D /* Info.plist */,
			);
			path = PlateWeightTests;
			sourceTree = "<group>";
		};
		C62F1BD21BBB263300C6840D /* PlateWeightUITests */ = {
			isa = PBXGroup;
			children = (
				C62F1BD31BBB263300C6840D /* PlateWeightUITests.swift */,
				C62F1BD51BBB263300C6840D /* Info.plist */,
			);
			path = PlateWeightUITests;
			sourceTree = "<group>";
		};
		C62F1BEB1BBB2A5D00C6840D /* ViewControllers */ = {
			isa = PBXGroup;
			children = (
				C62F1BEC1BBB2A6300C6840D /* Cell */,
				C62F1BE31BBB271700C6840D /* ZHKilogramsTableViewController.swift */,
				C62F1BE91BBB2A5600C6840D /* ZHPoundsTableViewController.swift */,
			);
			name = ViewControllers;
			sourceTree = "<group>";
		};
		C62F1BEC1BBB2A6300C6840D /* Cell */ = {
			isa = PBXGroup;
			children = (
				C62F1BE51BBB273900C6840D /* ZHKilogramsTableViewCell.swift */,
			);
			name = Cell;
			sourceTree = "<group>";
		};
/* End PBXGroup section */

/* Begin PBXNativeTarget section */
		C62F1BAF1BBB263200C6840D /* PlateWeight */ = {
			isa = PBXNativeTarget;
			buildConfigurationList = C62F1BD81BBB263300C6840D /* Build configuration list for PBXNativeTarget "PlateWeight" */;
			buildPhases = (
				C62F1BAC1BBB263200C6840D /* Sources */,
				C62F1BAD1BBB263200C6840D /* Frameworks */,
				C62F1BAE1BBB263200C6840D /* Resources */,
			);
			buildRules = (
			);
			dependencies = (
			);
			name = PlateWeight;
			productName = PlateWeight;
			productReference = C62F1BB01BBB263200C6840D /* PlateWeight.app */;
			productType = "com.apple.product-type.application";
		};
		C62F1BC31BBB263300C6840D /* PlateWeightTests */ = {
			isa = PBXNativeTarget;
			buildConfigurationList = C62F1BDB1BBB263300C6840D /* Build configuration list for PBXNativeTarget "PlateWeightTests" */;
			buildPhases = (
				C62F1BC01BBB263300C6840D /* Sources */,
				C62F1BC11BBB263300C6840D /* Frameworks */,
				C62F1BC21BBB263300C6840D /* Resources */,
			);
			buildRules = (
			);
			dependencies = (
				C62F1BC61BBB263300C6840D /* PBXTargetDependency */,
			);
			name = PlateWeightTests;
			productName = PlateWeightTests;
			productReference = C62F1BC41BBB263300C6840D /* PlateWeightTests.xctest */;
			productType = "com.apple.product-type.bundle.unit-test";
		};
		C62F1BCE1BBB263300C6840D /* PlateWeightUITests */ = {
			isa = PBXNativeTarget;
			buildConfigurationList = C62F1BDE1BBB263300C6840D /* Build configuration list for PBXNativeTarget "PlateWeightUITests" */;
			buildPhases = (
				C62F1BCB1BBB263300C6840D /* Sources */,
				C62F1BCC1BBB263300C6840D /* Frameworks */,
				C62F1BCD1BBB263300C6840D /* Resources */,
			);
			buildRules = (
			);
			dependencies = (
				C62F1BD11BBB263300C6840D /* PBXTargetDependency */,
			);
			name = PlateWeightUITests;
			productName = PlateWeightUITests;
			productReference = C62F1BCF1BBB263300C6840D /* PlateWeightUITests.xctest */;
			productType = "com.apple.product-type.bundle.ui-testing";
		};
/* End PBXNativeTarget section */

/* Begin PBXProject section */
		C62F1BA81BBB263200C6840D /* Project object */ = {
			isa = PBXProject;
			attributes = {
				LastUpgradeCheck = 0700;
				ORGANIZATIONNAME = "Zakk Hoyt";
				TargetAttributes = {
					C62F1BAF1BBB263200C6840D = {
						CreatedOnToolsVersion = 7.0;
					};
					C62F1BC31BBB263300C6840D = {
						CreatedOnToolsVersion = 7.0;
						TestTargetID = C62F1BAF1BBB263200C6840D;
					};
					C62F1BCE1BBB263300C6840D = {
						CreatedOnToolsVersion = 7.0;
						TestTargetID = C62F1BAF1BBB263200C6840D;
					};
				};
			};
			buildConfigurationList = C62F1BAB1BBB263200C6840D /* Build configuration list for PBXProject "PlateWeight" */;
			compatibilityVersion = "Xcode 3.2";
			developmentRegion = English;
			hasScannedForEncodings = 0;
			knownRegions = (
				en,
				Base,
			);
			mainGroup = C62F1BA71BBB263200C6840D;
			productRefGroup = C62F1BB11BBB263200C6840D /* Products */;
			projectDirPath = "";
			projectRoot = "";
			targets = (
				C62F1BAF1BBB263200C6840D /* PlateWeight */,
				C62F1BC31BBB263300C6840D /* PlateWeightTests */,
				C62F1BCE1BBB263300C6840D /* PlateWeightUITests */,
			);
		};
/* End PBXProject section */

/* Begin PBXResourcesBuildPhase section */
		C62F1BAE1BBB263200C6840D /* Resources */ = {
			isa = PBXResourcesBuildPhase;
			buildActionMask = 2147483647;
			files = (
				C62F1BBE1BBB263200C6840D /* LaunchScreen.storyboard in Resources */,
				C62F1BBB1BBB263200C6840D /* Assets.xcassets in Resources */,
				C62F1BB91BBB263200C6840D /* Main.storyboard in Resources */,
			);
			runOnlyForDeploymentPostprocessing = 0;
		};
		C62F1BC21BBB263300C6840D /* Resources */ = {
			isa = PBXResourcesBuildPhase;
			buildActionMask = 2147483647;
			files = (
			);
			runOnlyForDeploymentPostprocessing = 0;
		};
		C62F1BCD1BBB263300C6840D /* Resources */ = {
			isa = PBXResourcesBuildPhase;
			buildActionMask = 2147483647;
			files = (
			);
			runOnlyForDeploymentPostprocessing = 0;
		};
/* End PBXResourcesBuildPhase section */

/* Begin PBXSourcesBuildPhase section */
		C62F1BAC1BBB263200C6840D /* Sources */ = {
			isa = PBXSourcesBuildPhase;
			buildActionMask = 2147483647;
			files = (
				C62F1BE21BBB265100C6840D /* ZHConverter.swift in Sources */,
				C62F1BE61BBB273900C6840D /* ZHKilogramsTableViewCell.swift in Sources */,
				C62F1BE41BBB271700C6840D /* ZHKilogramsTableViewController.swift in Sources */,
				C62F1BEA1BBB2A5600C6840D /* ZHPoundsTableViewController.swift in Sources */,
				C62F1BB41BBB263200C6840D /* AppDelegate.swift in Sources */,
			);
			runOnlyForDeploymentPostprocessing = 0;
		};
		C62F1BC01BBB263300C6840D /* Sources */ = {
			isa = PBXSourcesBuildPhase;
			buildActionMask = 2147483647;
			files = (
				C62F1BC91BBB263300C6840D /* PlateWeightTests.swift in Sources */,
			);
			runOnlyForDeploymentPostprocessing = 0;
		};
		C62F1BCB1BBB263300C6840D /* Sources */ = {
			isa = PBXSourcesBuildPhase;
			buildActionMask = 2147483647;
			files = (
				C62F1BD41BBB263300C6840D /* PlateWeightUITests.swift in Sources */,
			);
			runOnlyForDeploymentPostprocessing = 0;
		};
/* End PBXSourcesBuildPhase section */

/* Begin PBXTargetDependency section */
		C62F1BC61BBB263300C6840D /* PBXTargetDependency */ = {
			isa = PBXTargetDependency;
			target = C62F1BAF1BBB263200C6840D /* PlateWeight */;
			targetProxy = C62F1BC51BBB263300C6840D /* PBXContainerItemProxy */;
		};
		C62F1BD11BBB263300C6840D /* PBXTargetDependency */ = {
			isa = PBXTargetDependency;
			target = C62F1BAF1BBB263200C6840D /* PlateWeight */;
			targetProxy = C62F1BD01BBB263300C6840D /* PBXContainerItemProxy */;
		};
/* End PBXTargetDependency section */

/* Begin PBXVariantGroup section */
		C62F1BB71BBB263200C6840D /* Main.storyboard */ = {
			isa = PBXVariantGroup;
			children = (
				C62F1BB81BBB263200C6840D /* Base */,
			);
			name = Main.storyboard;
			sourceTree = "<group>";
		};
		C62F1BBC1BBB263200C6840D /* LaunchScreen.storyboard */ = {
			isa = PBXVariantGroup;
			children = (
				C62F1BBD1BBB263200C6840D /* Base */,
			);
			name = LaunchScreen.storyboard;
			sourceTree = "<group>";
		};
/* End PBXVariantGroup section */

/* Begin XCBuildConfiguration section */
		C62F1BD61BBB263300C6840D /* Debug */ = {
			isa = XCBuildConfiguration;
			buildSettings = {
				ALWAYS_SEARCH_USER_PATHS = NO;
				CLANG_CXX_LANGUAGE_STANDARD = "gnu++0x";
				CLANG_CXX_LIBRARY = "libc++";
				CLANG_ENABLE_MODULES = YES;
				CLANG_ENABLE_OBJC_ARC = YES;
				CLANG_WARN_BOOL_CONVERSION = YES;
				CLANG_WARN_CONSTANT_CONVERSION = YES;
				CLANG_WARN_DIRECT_OBJC_ISA_USAGE = YES_ERROR;
				CLANG_WARN_EMPTY_BODY = YES;
				CLANG_WARN_ENUM_CONVERSION = YES;
				CLANG_WARN_INT_CONVERSION = YES;
				CLANG_WARN_OBJC_ROOT_CLASS = YES_ERROR;
				CLANG_WARN_UNREACHABLE_CODE = YES;
				CLANG_WARN__DUPLICATE_METHOD_MATCH = YES;
				"CODE_SIGN_IDENTITY[sdk=iphoneos*]" = "iPhone Developer";
				COPY_PHASE_STRIP = NO;
				DEBUG_INFORMATION_FORMAT = dwarf;
				ENABLE_STRICT_OBJC_MSGSEND = YES;
				ENABLE_TESTABILITY = YES;
				GCC_C_LANGUAGE_STANDARD = gnu99;
				GCC_DYNAMIC_NO_PIC = NO;
				GCC_NO_COMMON_BLOCKS = YES;
				GCC_OPTIMIZATION_LEVEL = 0;
				GCC_PREPROCESSOR_DEFINITIONS = (
					"DEBUG=1",
					"$(inherited)",
				);
				GCC_WARN_64_TO_32_BIT_CONVERSION = YES;
				GCC_WARN_ABOUT_RETURN_TYPE = YES_ERROR;
				GCC_WARN_UNDECLARED_SELECTOR = YES;
				GCC_WARN_UNINITIALIZED_AUTOS = YES_AGGRESSIVE;
				GCC_WARN_UNUSED_FUNCTION = YES;
				GCC_WARN_UNUSED_VARIABLE = YES;
				IPHONEOS_DEPLOYMENT_TARGET = 8.0;
				MTL_ENABLE_DEBUG_INFO = YES;
				ONLY_ACTIVE_ARCH = YES;
				SDKROOT = iphoneos;
				SWIFT_OPTIMIZATION_LEVEL = "-Onone";
				TARGETED_DEVICE_FAMILY = "1,2";
			};
			name = Debug;
		};
		C62F1BD71BBB263300C6840D /* Release */ = {
			isa = XCBuildConfiguration;
			buildSettings = {
				ALWAYS_SEARCH_USER_PATHS = NO;
				CLANG_CXX_LANGUAGE_STANDARD = "gnu++0x";
				CLANG_CXX_LIBRARY = "libc++";
				CLANG_ENABLE_MODULES = YES;
				CLANG_ENABLE_OBJC_ARC = YES;
				CLANG_WARN_BOOL_CONVERSION = YES;
				CLANG_WARN_CONSTANT_CONVERSION = YES;
				CLANG_WARN_DIRECT_OBJC_ISA_USAGE = YES_ERROR;
				CLANG_WARN_EMPTY_BODY = YES;
				CLANG_WARN_ENUM_CONVERSION = YES;
				CLANG_WARN_INT_CONVERSION = YES;
				CLANG_WARN_OBJC_ROOT_CLASS = YES_ERROR;
				CLANG_WARN_UNREACHABLE_CODE = YES;
				CLANG_WARN__DUPLICATE_METHOD_MATCH = YES;
				"CODE_SIGN_IDENTITY[sdk=iphoneos*]" = "iPhone Developer";
				COPY_PHASE_STRIP = NO;
				DEBUG_INFORMATION_FORMAT = "dwarf-with-dsym";
				ENABLE_NS_ASSERTIONS = NO;
				ENABLE_STRICT_OBJC_MSGSEND = YES;
				GCC_C_LANGUAGE_STANDARD = gnu99;
				GCC_NO_COMMON_BLOCKS = YES;
				GCC_WARN_64_TO_32_BIT_CONVERSION = YES;
				GCC_WARN_ABOUT_RETURN_TYPE = YES_ERROR;
				GCC_WARN_UNDECLARED_SELECTOR = YES;
				GCC_WARN_UNINITIALIZED_AUTOS = YES_AGGRESSIVE;
				GCC_WARN_UNUSED_FUNCTION = YES;
				GCC_WARN_UNUSED_VARIABLE = YES;
				IPHONEOS_DEPLOYMENT_TARGET = 8.0;
				MTL_ENABLE_DEBUG_INFO = NO;
				SDKROOT = iphoneos;
				TARGETED_DEVICE_FAMILY = "1,2";
				VALIDATE_PRODUCT = YES;
			};
			name = Release;
		};
		C62F1BD91BBB263300C6840D /* Debug */ = {
			isa = XCBuildConfiguration;
			buildSettings = {
				ASSETCATALOG_COMPILER_APPICON_NAME = AppIcon;
				INFOPLIST_FILE = PlateWeight/Info.plist;
				IPHONEOS_DEPLOYMENT_TARGET = 8.0;
				LD_RUNPATH_SEARCH_PATHS = "$(inherited) @executable_path/Frameworks";
				PRODUCT_BUNDLE_IDENTIFIER = com.vaporwarewolf.PlateWeight;
				PRODUCT_NAME = "$(TARGET_NAME)";
			};
			name = Debug;
		};
		C62F1BDA1BBB263300C6840D /* Release */ = {
			isa = XCBuildConfiguration;
			buildSettings = {
				ASSETCATALOG_COMPILER_APPICON_NAME = AppIcon;
				INFOPLIST_FILE = PlateWeight/Info.plist;
				IPHONEOS_DEPLOYMENT_TARGET = 8.0;
				LD_RUNPATH_SEARCH_PATHS = "$(inherited) @executable_path/Frameworks";
				PRODUCT_BUNDLE_IDENTIFIER = com.vaporwarewolf.PlateWeight;
				PRODUCT_NAME = "$(TARGET_NAME)";
			};
			name = Release;
		};
		C62F1BDC1BBB263300C6840D /* Debug */ = {
			isa = XCBuildConfiguration;
			buildSettings = {
				BUNDLE_LOADER = "$(TEST_HOST)";
				INFOPLIST_FILE = PlateWeightTests/Info.plist;
				LD_RUNPATH_SEARCH_PATHS = "$(inherited) @executable_path/Frameworks @loader_path/Frameworks";
				PRODUCT_BUNDLE_IDENTIFIER = com.vaporwarewolf.PlateWeightTests;
				PRODUCT_NAME = "$(TARGET_NAME)";
				TEST_HOST = "$(BUILT_PRODUCTS_DIR)/PlateWeight.app/PlateWeight";
			};
			name = Debug;
		};
		C62F1BDD1BBB263300C6840D /* Release */ = {
			isa = XCBuildConfiguration;
			buildSettings = {
				BUNDLE_LOADER = "$(TEST_HOST)";
				INFOPLIST_FILE = PlateWeightTests/Info.plist;
				LD_RUNPATH_SEARCH_PATHS = "$(inherited) @executable_path/Frameworks @loader_path/Frameworks";
				PRODUCT_BUNDLE_IDENTIFIER = com.vaporwarewolf.PlateWeightTests;
				PRODUCT_NAME = "$(TARGET_NAME)";
				TEST_HOST = "$(BUILT_PRODUCTS_DIR)/PlateWeight.app/PlateWeight";
			};
			name = Release;
		};
		C62F1BDF1BBB263300C6840D /* Debug */ = {
			isa = XCBuildConfiguration;
			buildSettings = {
				INFOPLIST_FILE = PlateWeightUITests/Info.plist;
				LD_RUNPATH_SEARCH_PATHS = "$(inherited) @executable_path/Frameworks @loader_path/Frameworks";
				PRODUCT_BUNDLE_IDENTIFIER = com.vaporwarewolf.PlateWeightUITests;
				PRODUCT_NAME = "$(TARGET_NAME)";
				TEST_TARGET_NAME = PlateWeight;
				USES_XCTRUNNER = YES;
			};
			name = Debug;
		};
		C62F1BE01BBB263300C6840D /* Release */ = {
			isa = XCBuildConfiguration;
			buildSettings = {
				INFOPLIST_FILE = PlateWeightUITests/Info.plist;
				LD_RUNPATH_SEARCH_PATHS = "$(inherited) @executable_path/Frameworks @loader_path/Frameworks";
				PRODUCT_BUNDLE_IDENTIFIER = com.vaporwarewolf.PlateWeightUITests;
				PRODUCT_NAME = "$(TARGET_NAME)";
				TEST_TARGET_NAME = PlateWeight;
				USES_XCTRUNNER = YES;
			};
			name = Release;
		};
/* End XCBuildConfiguration section */

/* Begin XCConfigurationList section */
		C62F1BAB1BBB263200C6840D /* Build configuration list for PBXProject "PlateWeight" */ = {
			isa = XCConfigurationList;
			buildConfigurations = (
				C62F1BD61BBB263300C6840D /* Debug */,
				C62F1BD71BBB263300C6840D /* Release */,
			);
			defaultConfigurationIsVisible = 0;
			defaultConfigurationName = Release;
		};
		C62F1BD81BBB263300C6840D /* Build configuration list for PBXNativeTarget "PlateWeight" */ = {
			isa = XCConfigurationList;
			buildConfigurations = (
				C62F1BD91BBB263300C6840D /* Debug */,
				C62F1BDA1BBB263300C6840D /* Release */,
			);
			defaultConfigurationIsVisible = 0;
		};
		C62F1BDB1BBB263300C6840D /* Build configuration list for PBXNativeTarget "PlateWeightTests" */ = {
			isa = XCConfigurationList;
			buildConfigurations = (
				C62F1BDC1BBB263300C6840D /* Debug */,
				C62F1BDD1BBB263300C6840D /* Release */,
			);
			defaultConfigurationIsVisible = 0;
		};
		C62F1BDE1BBB263300C6840D /* Build configuration list for PBXNativeTarget "PlateWeightUITests" */ = {
			isa = XCConfigurationList;
			buildConfigurations = (
				C62F1BDF1BBB263300C6840D /* Debug */,
				C62F1BE01BBB263300C6840D /* Release */,
			);
			defaultConfigurationIsVisible = 0;
		};
/* End XCConfigurationList section */
	};
	rootObject = C62F1BA81BBB263200C6840D /* Project object */;
}
